
Microsoft Visual Studio Solution File, Format Version 12.00
# Visual Studio 15
Project("{FAE04EC0-301F-11D3-BF4B-00C04F79EFBC}") = "AnagramsProject", "AnagramsProject\AnagramsProject.csproj", "{6050BF80-DBD8-4E6D-97DF-4693AF25A15C}"
EndProject
Project("{FAE04EC0-301F-11D3-BF4B-00C04F79EFBC}") = "AnagramsTest", "AnagramsTest\AnagramsTest.csproj", "{92254B65-DB5E-4BFD-8E88-215B5A88E4E0}"
EndProject
Global
	GlobalSection(SolutionConfigurationPlatforms) = preSolution
		Debug|Any CPU = Debug|Any CPU
		Release|Any CPU = Release|Any CPU
	EndGlobalSection
	GlobalSection(ProjectConfigurationPlatforms) = postSolution
		{6050BF80-DBD8-4E6D-97DF-4693AF25A15C}.Debug|Any CPU.ActiveCfg = Debug|Any CPU
		{6050BF80-DBD8-4E6D-97DF-4693AF25A15C}.Debug|Any CPU.Build.0 = Debug|Any CPU
		{6050BF80-DBD8-4E6D-97DF-4693AF25A15C}.Release|Any CPU.ActiveCfg = Release|Any CPU
		{6050BF80-DBD8-4E6D-97DF-4693AF25A15C}.Release|Any CPU.Build.0 = Release|Any CPU
		{92254B65-DB5E-4BFD-8E88-215B5A88E4E0}.Debug|Any CPU.ActiveCfg = Debug|Any CPU
		{92254B65-DB5E-4BFD-8E88-215B5A88E4E0}.Debug|Any CPU.Build.0 = Debug|Any CPU
		{92254B65-DB5E-4BFD-8E88-215B5A88E4E0}.Release|Any CPU.ActiveCfg = Release|Any CPU
		{92254B65-DB5E-4BFD-8E88-215B5A88E4E0}.Release|Any CPU.Build.0 = Release|Any CPU
	EndGlobalSection
EndGlobal
